
Microsoft Visual Studio Solution File, Format Version 12.00
# Visual Studio Version 17
VisualStudioVersion = 17.11.35222.181
MinimumVisualStudioVersion = 10.0.40219.1
Project("{8BC9CEB8-8B4A-11D0-8D11-00A0C91BC942}") = "ConsoleApplication1", "ConsoleApplication1.vcxproj", "{C70E274C-1B92-4E9A-B164-E7D2B2A3AA39}"
EndProject
Project("{8BC9CEB8-8B4A-11D0-8D11-00A0C91BC942}") = "ConsoleApplication2", "..\..\..\лаба 3\zadanie 2\ConsoleApplication2\ConsoleApplication2.vcxproj", "{77628E23-D670-4A37-975F-1BD4B1B58ECC}"
EndProject
Global
	GlobalSection(SolutionConfigurationPlatforms) = preSolution
		Debug|x64 = Debug|x64
		Debug|x86 = Debug|x86
		Release|x64 = Release|x64
		Release|x86 = Release|x86
	EndGlobalSection
	GlobalSection(ProjectConfigurationPlatforms) = postSolution
		{C70E274C-1B92-4E9A-B164-E7D2B2A3AA39}.Debug|x64.ActiveCfg = Debug|x64
		{C70E274C-1B92-4E9A-B164-E7D2B2A3AA39}.Debug|x64.Build.0 = Debug|x64
		{C70E274C-1B92-4E9A-B164-E7D2B2A3AA39}.Debug|x86.ActiveCfg = Debug|Win32
		{C70E274C-1B92-4E9A-B164-E7D2B2A3AA39}.Debug|x86.Build.0 = Debug|Win32
		{C70E274C-1B92-4E9A-B164-E7D2B2A3AA39}.Release|x64.ActiveCfg = Release|x64
		{C70E274C-1B92-4E9A-B164-E7D2B2A3AA39}.Release|x64.Build.0 = Release|x64
		{C70E274C-1B92-4E9A-B164-E7D2B2A3AA39}.Release|x86.ActiveCfg = Release|Win32
		{C70E274C-1B92-4E9A-B164-E7D2B2A3AA39}.Release|x86.Build.0 = Release|Win32
		{77628E23-D670-4A37-975F-1BD4B1B58ECC}.Debug|x64.ActiveCfg = Debug|x64
		{77628E23-D670-4A37-975F-1BD4B1B58ECC}.Debug|x64.Build.0 = Debug|x64
		{77628E23-D670-4A37-975F-1BD4B1B58ECC}.Debug|x86.ActiveCfg = Debug|Win32
		{77628E23-D670-4A37-975F-1BD4B1B58ECC}.Debug|x86.Build.0 = Debug|Win32
		{77628E23-D670-4A37-975F-1BD4B1B58ECC}.Release|x64.ActiveCfg = Release|x64
		{77628E23-D670-4A37-975F-1BD4B1B58ECC}.Release|x64.Build.0 = Release|x64
		{77628E23-D670-4A37-975F-1BD4B1B58ECC}.Release|x86.ActiveCfg = Release|Win32
		{77628E23-D670-4A37-975F-1BD4B1B58ECC}.Release|x86.Build.0 = Release|Win32
	EndGlobalSection
	GlobalSection(SolutionProperties) = preSolution
		HideSolutionNode = FALSE
	EndGlobalSection
	GlobalSection(ExtensibilityGlobals) = postSolution
		SolutionGuid = {87D4535C-C3D3-4FDD-B580-7DE65BD11B8A}
	EndGlobalSection
EndGlobal
